
Microsoft Visual Studio Solution File, Format Version 11.00
# Visual Studio 2010
# SharpDevelop 4.4
Project("{FAE04EC0-301F-11D3-BF4B-00C04F79EFBC}") = "factura1", "factura1\factura1.csproj", "{261874F8-4A25-49B0-A19B-4845AAB7A108}"
EndProject
Global
	GlobalSection(SolutionConfigurationPlatforms) = preSolution
		Debug|Any CPU = Debug|Any CPU
		Release|Any CPU = Release|Any CPU
	EndGlobalSection
	GlobalSection(ProjectConfigurationPlatforms) = postSolution
		{261874F8-4A25-49B0-A19B-4845AAB7A108}.Debug|Any CPU.Build.0 = Debug|Any CPU
		{261874F8-4A25-49B0-A19B-4845AAB7A108}.Debug|Any CPU.ActiveCfg = Debug|Any CPU
		{261874F8-4A25-49B0-A19B-4845AAB7A108}.Release|Any CPU.Build.0 = Release|Any CPU
		{261874F8-4A25-49B0-A19B-4845AAB7A108}.Release|Any CPU.ActiveCfg = Release|Any CPU
	EndGlobalSection
EndGlobal
